// !$*UTF8*$!
{
	archiveVersion = 1;
	classes = {
	};
	objectVersion = 46;
	objects = {

/* Begin PBXBuildFile section */
		FE3EA77B1B27B0950064476B /* LevelScene.swift in Sources */ = {isa = PBXBuildFile; fileRef = FE3EA77A1B27B0950064476B /* LevelScene.swift */; };
		FE3EA77D1B27C5810064476B /* Player.swift in Sources */ = {isa = PBXBuildFile; fileRef = FE3EA77C1B27C5810064476B /* Player.swift */; };
		FE88AD2C1B24B24B0072EF42 /* ParallaxBackground.swift in Sources */ = {isa = PBXBuildFile; fileRef = FE88AD2B1B24B24B0072EF42 /* ParallaxBackground.swift */; };
		FEA129A01B23CDC500E49488 /* AppDelegate.swift in Sources */ = {isa = PBXBuildFile; fileRef = FEA1299F1B23CDC500E49488 /* AppDelegate.swift */; };
		FEA129A41B23CDC500E49488 /* MenuScene.swift in Sources */ = {isa = PBXBuildFile; fileRef = FEA129A31B23CDC500E49488 /* MenuScene.swift */; };
		FEA129A61B23CDC500E49488 /* GameController.swift in Sources */ = {isa = PBXBuildFile; fileRef = FEA129A51B23CDC500E49488 /* GameController.swift */; };
		FEA129A91B23CDC500E49488 /* Main.storyboard in Resources */ = {isa = PBXBuildFile; fileRef = FEA129A71B23CDC500E49488 /* Main.storyboard */; };
		FEA129AB1B23CDC500E49488 /* Images.xcassets in Resources */ = {isa = PBXBuildFile; fileRef = FEA129AA1B23CDC500E49488 /* Images.xcassets */; };
		FEA129AE1B23CDC500E49488 /* LaunchScreen.xib in Resources */ = {isa = PBXBuildFile; fileRef = FEA129AC1B23CDC500E49488 /* LaunchScreen.xib */; };
		FEA129BA1B23CDC500E49488 /* SpaceShooterTests.swift in Sources */ = {isa = PBXBuildFile; fileRef = FEA129B91B23CDC500E49488 /* SpaceShooterTests.swift */; };
/* End PBXBuildFile section */

/* Begin PBXContainerItemProxy section */
		FEA129B41B23CDC500E49488 /* PBXContainerItemProxy */ = {
			isa = PBXContainerItemProxy;
			containerPortal = FEA129921B23CDC500E49488 /* Project object */;
			proxyType = 1;
			remoteGlobalIDString = FEA129991B23CDC500E49488;
			remoteInfo = SpaceShooter;
		};
/* End PBXContainerItemProxy section */

/* Begin PBXFileReference section */
		FE3EA77A1B27B0950064476B /* LevelScene.swift */ = {isa = PBXFileReference; fileEncoding = 4; lastKnownFileType = sourcecode.swift; path = LevelScene.swift; sourceTree = "<group>"; };
		FE3EA77C1B27C5810064476B /* Player.swift */ = {isa = PBXFileReference; fileEncoding = 4; lastKnownFileType = sourcecode.swift; path = Player.swift; sourceTree = "<group>"; };
		FE88AD2B1B24B24B0072EF42 /* ParallaxBackground.swift */ = {isa = PBXFileReference; fileEncoding = 4; lastKnownFileType = sourcecode.swift; path = ParallaxBackground.swift; sourceTree = "<group>"; };
		FEA1299A1B23CDC500E49488 /* SpaceShooter.app */ = {isa = PBXFileReference; explicitFileType = wrapper.application; includeInIndex = 0; path = SpaceShooter.app; sourceTree = BUILT_PRODUCTS_DIR; };
		FEA1299E1B23CDC500E49488 /* Info.plist */ = {isa = PBXFileReference; lastKnownFileType = text.plist.xml; path = Info.plist; sourceTree = "<group>"; };
		FEA1299F1B23CDC500E49488 /* AppDelegate.swift */ = {isa = PBXFileReference; lastKnownFileType = sourcecode.swift; path = AppDelegate.swift; sourceTree = "<group>"; };
		FEA129A31B23CDC500E49488 /* MenuScene.swift */ = {isa = PBXFileReference; lastKnownFileType = sourcecode.swift; path = MenuScene.swift; sourceTree = "<group>"; };
		FEA129A51B23CDC500E49488 /* GameController.swift */ = {isa = PBXFileReference; lastKnownFileType = sourcecode.swift; path = GameController.swift; sourceTree = "<group>"; };
		FEA129A81B23CDC500E49488 /* Base */ = {isa = PBXFileReference; lastKnownFileType = file.storyboard; name = Base; path = Base.lproj/Main.storyboard; sourceTree = "<group>"; };
		FEA129AA1B23CDC500E49488 /* Images.xcassets */ = {isa = PBXFileReference; lastKnownFileType = folder.assetcatalog; path = Images.xcassets; sourceTree = "<group>"; };
		FEA129AD1B23CDC500E49488 /* Base */ = {isa = PBXFileReference; lastKnownFileType = file.xib; name = Base; path = Base.lproj/LaunchScreen.xib; sourceTree = "<group>"; };
		FEA129B31B23CDC500E49488 /* SpaceShooterTests.xctest */ = {isa = PBXFileReference; explicitFileType = wrapper.cfbundle; includeInIndex = 0; path = SpaceShooterTests.xctest; sourceTree = BUILT_PRODUCTS_DIR; };
		FEA129B81B23CDC500E49488 /* Info.plist */ = {isa = PBXFileReference; lastKnownFileType = text.plist.xml; path = Info.plist; sourceTree = "<group>"; };
		FEA129B91B23CDC500E49488 /* SpaceShooterTests.swift */ = {isa = PBXFileReference; lastKnownFileType = sourcecode.swift; path = SpaceShooterTests.swift; sourceTree = "<group>"; };
/* End PBXFileReference section */

/* Begin PBXFrameworksBuildPhase section */
		FEA129971B23CDC500E49488 /* Frameworks */ = {
			isa = PBXFrameworksBuildPhase;
			buildActionMask = 2147483647;
			files = (
			);
			runOnlyForDeploymentPostprocessing = 0;
		};
		FEA129B01B23CDC500E49488 /* Frameworks */ = {
			isa = PBXFrameworksBuildPhase;
			buildActionMask = 2147483647;
			files = (
			);
			runOnlyForDeploymentPostprocessing = 0;
		};
/* End PBXFrameworksBuildPhase section */

/* Begin PBXGroup section */
		FE3EA77E1B27C5870064476B /* Entities */ = {
			isa = PBXGroup;
			children = (
				FE88AD2B1B24B24B0072EF42 /* ParallaxBackground.swift */,
				FE3EA77C1B27C5810064476B /* Player.swift */,
			);
			name = Entities;
			sourceTree = "<group>";
		};
		FEA129911B23CDC500E49488 = {
			isa = PBXGroup;
			children = (
				FEA1299C1B23CDC500E49488 /* SpaceShooter */,
				FEA129B61B23CDC500E49488 /* SpaceShooterTests */,
				FEA1299B1B23CDC500E49488 /* Products */,
			);
			sourceTree = "<group>";
		};
		FEA1299B1B23CDC500E49488 /* Products */ = {
			isa = PBXGroup;
			children = (
				FEA1299A1B23CDC500E49488 /* SpaceShooter.app */,
				FEA129B31B23CDC500E49488 /* SpaceShooterTests.xctest */,
			);
			name = Products;
			sourceTree = "<group>";
		};
		FEA1299C1B23CDC500E49488 /* SpaceShooter */ = {
			isa = PBXGroup;
			children = (
				FE3EA77E1B27C5870064476B /* Entities */,
				FE3EA77A1B27B0950064476B /* LevelScene.swift */,
				FEA129A31B23CDC500E49488 /* MenuScene.swift */,
				FEA129A51B23CDC500E49488 /* GameController.swift */,
				FEA129C31B23D07C00E49488 /* Resources */,
				FEA1299D1B23CDC500E49488 /* Supporting Files */,
			);
			path = SpaceShooter;
			sourceTree = "<group>";
		};
		FEA1299D1B23CDC500E49488 /* Supporting Files */ = {
			isa = PBXGroup;
			children = (
				FEA129A71B23CDC500E49488 /* Main.storyboard */,
				FEA129AC1B23CDC500E49488 /* LaunchScreen.xib */,
				FEA1299F1B23CDC500E49488 /* AppDelegate.swift */,
				FEA1299E1B23CDC500E49488 /* Info.plist */,
			);
			name = "Supporting Files";
			sourceTree = "<group>";
		};
		FEA129B61B23CDC500E49488 /* SpaceShooterTests */ = {
			isa = PBXGroup;
			children = (
				FEA129B91B23CDC500E49488 /* SpaceShooterTests.swift */,
				FEA129B71B23CDC500E49488 /* Supporting Files */,
			);
			path = SpaceShooterTests;
			sourceTree = "<group>";
		};
		FEA129B71B23CDC500E49488 /* Supporting Files */ = {
			isa = PBXGroup;
			children = (
				FEA129B81B23CDC500E49488 /* Info.plist */,
			);
			name = "Supporting Files";
			sourceTree = "<group>";
		};
		FEA129C31B23D07C00E49488 /* Resources */ = {
			isa = PBXGroup;
			children = (
				FEA129AA1B23CDC500E49488 /* Images.xcassets */,
			);
			name = Resources;
			sourceTree = "<group>";
		};
/* End PBXGroup section */

/* Begin PBXNativeTarget section */
		FEA129991B23CDC500E49488 /* SpaceShooter */ = {
			isa = PBXNativeTarget;
			buildConfigurationList = FEA129BD1B23CDC500E49488 /* Build configuration list for PBXNativeTarget "SpaceShooter" */;
			buildPhases = (
				FEA129961B23CDC500E49488 /* Sources */,
				FEA129971B23CDC500E49488 /* Frameworks */,
				FEA129981B23CDC500E49488 /* Resources */,
			);
			buildRules = (
			);
			dependencies = (
			);
			name = SpaceShooter;
			productName = SpaceShooter;
			productReference = FEA1299A1B23CDC500E49488 /* SpaceShooter.app */;
			productType = "com.apple.product-type.application";
		};
		FEA129B21B23CDC500E49488 /* SpaceShooterTests */ = {
			isa = PBXNativeTarget;
			buildConfigurationList = FEA129C01B23CDC500E49488 /* Build configuration list for PBXNativeTarget "SpaceShooterTests" */;
			buildPhases = (
				FEA129AF1B23CDC500E49488 /* Sources */,
				FEA129B01B23CDC500E49488 /* Frameworks */,
				FEA129B11B23CDC500E49488 /* Resources */,
			);
			buildRules = (
			);
			dependencies = (
				FEA129B51B23CDC500E49488 /* PBXTargetDependency */,
			);
			name = SpaceShooterTests;
			productName = SpaceShooterTests;
			productReference = FEA129B31B23CDC500E49488 /* SpaceShooterTests.xctest */;
			productType = "com.apple.product-type.bundle.unit-test";
		};
/* End PBXNativeTarget section */

/* Begin PBXProject section */
		FEA129921B23CDC500E49488 /* Project object */ = {
			isa = PBXProject;
			attributes = {
				LastUpgradeCheck = 0630;
				ORGANIZATIONNAME = "Steve Smart";
				TargetAttributes = {
					FEA129991B23CDC500E49488 = {
						CreatedOnToolsVersion = 6.3.2;
						DevelopmentTeam = 3G36XWPDSW;
					};
					FEA129B21B23CDC500E49488 = {
						CreatedOnToolsVersion = 6.3.2;
						TestTargetID = FEA129991B23CDC500E49488;
					};
				};
			};
			buildConfigurationList = FEA129951B23CDC500E49488 /* Build configuration list for PBXProject "SpaceShooter" */;
			compatibilityVersion = "Xcode 3.2";
			developmentRegion = English;
			hasScannedForEncodings = 0;
			knownRegions = (
				en,
				Base,
			);
			mainGroup = FEA129911B23CDC500E49488;
			productRefGroup = FEA1299B1B23CDC500E49488 /* Products */;
			projectDirPath = "";
			projectRoot = "";
			targets = (
				FEA129991B23CDC500E49488 /* SpaceShooter */,
				FEA129B21B23CDC500E49488 /* SpaceShooterTests */,
			);
		};
/* End PBXProject section */

/* Begin PBXResourcesBuildPhase section */
		FEA129981B23CDC500E49488 /* Resources */ = {
			isa = PBXResourcesBuildPhase;
			buildActionMask = 2147483647;
			files = (
				FEA129AE1B23CDC500E49488 /* LaunchScreen.xib in Resources */,
				FEA129AB1B23CDC500E49488 /* Images.xcassets in Resources */,
				FEA129A91B23CDC500E49488 /* Main.storyboard in Resources */,
			);
			runOnlyForDeploymentPostprocessing = 0;
		};
		FEA129B11B23CDC500E49488 /* Resources */ = {
			isa = PBXResourcesBuildPhase;
			buildActionMask = 2147483647;
			files = (
			);
			runOnlyForDeploymentPostprocessing = 0;
		};
/* End PBXResourcesBuildPhase section */

/* Begin PBXSourcesBuildPhase section */
		FEA129961B23CDC500E49488 /* Sources */ = {
			isa = PBXSourcesBuildPhase;
			buildActionMask = 2147483647;
			files = (
				FE88AD2C1B24B24B0072EF42 /* ParallaxBackground.swift in Sources */,
				FEA129A41B23CDC500E49488 /* MenuScene.swift in Sources */,
				FEA129A61B23CDC500E49488 /* GameController.swift in Sources */,
				FEA129A01B23CDC500E49488 /* AppDelegate.swift in Sources */,
				FE3EA77D1B27C5810064476B /* Player.swift in Sources */,
				FE3EA77B1B27B0950064476B /* LevelScene.swift in Sources */,
			);
			runOnlyForDeploymentPostprocessing = 0;
		};
		FEA129AF1B23CDC500E49488 /* Sources */ = {
			isa = PBXSourcesBuildPhase;
			buildActionMask = 2147483647;
			files = (
				FEA129BA1B23CDC500E49488 /* SpaceShooterTests.swift in Sources */,
			);
			runOnlyForDeploymentPostprocessing = 0;
		};
/* End PBXSourcesBuildPhase section */

/* Begin PBXTargetDependency section */
		FEA129B51B23CDC500E49488 /* PBXTargetDependency */ = {
			isa = PBXTargetDependency;
			target = FEA129991B23CDC500E49488 /* SpaceShooter */;
			targetProxy = FEA129B41B23CDC500E49488 /* PBXContainerItemProxy */;
		};
/* End PBXTargetDependency section */

/* Begin PBXVariantGroup section */
		FEA129A71B23CDC500E49488 /* Main.storyboard */ = {
			isa = PBXVariantGroup;
			children = (
				FEA129A81B23CDC500E49488 /* Base */,
			);
			name = Main.storyboard;
			sourceTree = "<group>";
		};
		FEA129AC1B23CDC500E49488 /* LaunchScreen.xib */ = {
			isa = PBXVariantGroup;
			children = (
				FEA129AD1B23CDC500E49488 /* Base */,
			);
			name = LaunchScreen.xib;
			sourceTree = "<group>";
		};
/* End PBXVariantGroup section */

/* Begin XCBuildConfiguration section */
		FEA129BB1B23CDC500E49488 /* Debug */ = {
			isa = XCBuildConfiguration;
			buildSettings = {
				ALWAYS_SEARCH_USER_PATHS = NO;
				CLANG_CXX_LANGUAGE_STANDARD = "gnu++0x";
				CLANG_CXX_LIBRARY = "libc++";
				CLANG_ENABLE_MODULES = YES;
				CLANG_ENABLE_OBJC_ARC = YES;
				CLANG_WARN_BOOL_CONVERSION = YES;
				CLANG_WARN_CONSTANT_CONVERSION = YES;
				CLANG_WARN_DIRECT_OBJC_ISA_USAGE = YES_ERROR;
				CLANG_WARN_EMPTY_BODY = YES;
				CLANG_WARN_ENUM_CONVERSION = YES;
				CLANG_WARN_INT_CONVERSION = YES;
				CLANG_WARN_OBJC_ROOT_CLASS = YES_ERROR;
				CLANG_WARN_UNREACHABLE_CODE = YES;
				CLANG_WARN__DUPLICATE_METHOD_MATCH = YES;
				"CODE_SIGN_IDENTITY[sdk=iphoneos*]" = "iPhone Developer";
				COPY_PHASE_STRIP = NO;
				DEBUG_INFORMATION_FORMAT = "dwarf-with-dsym";
				ENABLE_STRICT_OBJC_MSGSEND = YES;
				GCC_C_LANGUAGE_STANDARD = gnu99;
				GCC_DYNAMIC_NO_PIC = NO;
				GCC_NO_COMMON_BLOCKS = YES;
				GCC_OPTIMIZATION_LEVEL = 0;
				GCC_PREPROCESSOR_DEFINITIONS = (
					"DEBUG=1",
					"$(inherited)",
				);
				GCC_SYMBOLS_PRIVATE_EXTERN = NO;
				GCC_WARN_64_TO_32_BIT_CONVERSION = YES;
				GCC_WARN_ABOUT_RETURN_TYPE = YES_ERROR;
				GCC_WARN_UNDECLARED_SELECTOR = YES;
				GCC_WARN_UNINITIALIZED_AUTOS = YES_AGGRESSIVE;
				GCC_WARN_UNUSED_FUNCTION = YES;
				GCC_WARN_UNUSED_VARIABLE = YES;
				IPHONEOS_DEPLOYMENT_TARGET = 8.3;
				MTL_ENABLE_DEBUG_INFO = YES;
				ONLY_ACTIVE_ARCH = YES;
				SDKROOT = iphoneos;
				SWIFT_OPTIMIZATION_LEVEL = "-Onone";
				TARGETED_DEVICE_FAMILY = "1,2";
			};
			name = Debug;
		};
		FEA129BC1B23CDC500E49488 /* Release */ = {
			isa = XCBuildConfiguration;
			buildSettings = {
				ALWAYS_SEARCH_USER_PATHS = NO;
				CLANG_CXX_LANGUAGE_STANDARD = "gnu++0x";
				CLANG_CXX_LIBRARY = "libc++";
				CLANG_ENABLE_MODULES = YES;
				CLANG_ENABLE_OBJC_ARC = YES;
				CLANG_WARN_BOOL_CONVERSION = YES;
				CLANG_WARN_CONSTANT_CONVERSION = YES;
				CLANG_WARN_DIRECT_OBJC_ISA_USAGE = YES_ERROR;
				CLANG_WARN_EMPTY_BODY = YES;
				CLANG_WARN_ENUM_CONVERSION = YES;
				CLANG_WARN_INT_CONVERSION = YES;
				CLANG_WARN_OBJC_ROOT_CLASS = YES_ERROR;
				CLANG_WARN_UNREACHABLE_CODE = YES;
				CLANG_WARN__DUPLICATE_METHOD_MATCH = YES;
				"CODE_SIGN_IDENTITY[sdk=iphoneos*]" = "iPhone Developer";
				COPY_PHASE_STRIP = NO;
				DEBUG_INFORMATION_FORMAT = "dwarf-with-dsym";
				ENABLE_NS_ASSERTIONS = NO;
				ENABLE_STRICT_OBJC_MSGSEND = YES;
				GCC_C_LANGUAGE_STANDARD = gnu99;
				GCC_NO_COMMON_BLOCKS = YES;
				GCC_WARN_64_TO_32_BIT_CONVERSION = YES;
				GCC_WARN_ABOUT_RETURN_TYPE = YES_ERROR;
				GCC_WARN_UNDECLARED_SELECTOR = YES;
				GCC_WARN_UNINITIALIZED_AUTOS = YES_AGGRESSIVE;
				GCC_WARN_UNUSED_FUNCTION = YES;
				GCC_WARN_UNUSED_VARIABLE = YES;
				IPHONEOS_DEPLOYMENT_TARGET = 8.3;
				MTL_ENABLE_DEBUG_INFO = NO;
				SDKROOT = iphoneos;
				TARGETED_DEVICE_FAMILY = "1,2";
				VALIDATE_PRODUCT = YES;
			};
			name = Release;
		};
		FEA129BE1B23CDC500E49488 /* Debug */ = {
			isa = XCBuildConfiguration;
			buildSettings = {
				ASSETCATALOG_COMPILER_APPICON_NAME = AppIcon;
				CODE_SIGN_IDENTITY = "iPhone Developer: Steve Smart (E275H99Z2C)";
				INFOPLIST_FILE = SpaceShooter/Info.plist;
				LD_RUNPATH_SEARCH_PATHS = "$(inherited) @executable_path/Frameworks";
				PRODUCT_NAME = "$(TARGET_NAME)";
				TARGETED_DEVICE_FAMILY = 1;
			};
			name = Debug;
		};
		FEA129BF1B23CDC500E49488 /* Release */ = {
			isa = XCBuildConfiguration;
			buildSettings = {
				ASSETCATALOG_COMPILER_APPICON_NAME = AppIcon;
				CODE_SIGN_IDENTITY = "iPhone Developer: Steve Smart (E275H99Z2C)";
				INFOPLIST_FILE = SpaceShooter/Info.plist;
				LD_RUNPATH_SEARCH_PATHS = "$(inherited) @executable_path/Frameworks";
				PRODUCT_NAME = "$(TARGET_NAME)";
				TARGETED_DEVICE_FAMILY = 1;
			};
			name = Release;
		};
		FEA129C11B23CDC500E49488 /* Debug */ = {
			isa = XCBuildConfiguration;
			buildSettings = {
				BUNDLE_LOADER = "$(TEST_HOST)";
				FRAMEWORK_SEARCH_PATHS = (
					"$(SDKROOT)/Developer/Library/Frameworks",
					"$(inherited)",
				);
				GCC_PREPROCESSOR_DEFINITIONS = (
					"DEBUG=1",
					"$(inherited)",
				);
				INFOPLIST_FILE = SpaceShooterTests/Info.plist;
				LD_RUNPATH_SEARCH_PATHS = "$(inherited) @executable_path/Frameworks @loader_path/Frameworks";
				PRODUCT_NAME = "$(TARGET_NAME)";
				TEST_HOST = "$(BUILT_PRODUCTS_DIR)/SpaceShooter.app/SpaceShooter";
			};
			name = Debug;
		};
		FEA129C21B23CDC500E49488 /* Release */ = {
			isa = XCBuildConfiguration;
			buildSettings = {
				BUNDLE_LOADER = "$(TEST_HOST)";
				FRAMEWORK_SEARCH_PATHS = (
					"$(SDKROOT)/Developer/Library/Frameworks",
					"$(inherited)",
				);
				INFOPLIST_FILE = SpaceShooterTests/Info.plist;
				LD_RUNPATH_SEARCH_PATHS = "$(inherited) @executable_path/Frameworks @loader_path/Frameworks";
				PRODUCT_NAME = "$(TARGET_NAME)";
				TEST_HOST = "$(BUILT_PRODUCTS_DIR)/SpaceShooter.app/SpaceShooter";
			};
			name = Release;
		};
/* End XCBuildConfiguration section */

/* Begin XCConfigurationList section */
		FEA129951B23CDC500E49488 /* Build configuration list for PBXProject "SpaceShooter" */ = {
			isa = XCConfigurationList;
			buildConfigurations = (
				FEA129BB1B23CDC500E49488 /* Debug */,
				FEA129BC1B23CDC500E49488 /* Release */,
			);
			defaultConfigurationIsVisible = 0;
			defaultConfigurationName = Release;
		};
		FEA129BD1B23CDC500E49488 /* Build configuration list for PBXNativeTarget "SpaceShooter" */ = {
			isa = XCConfigurationList;
			buildConfigurations = (
				FEA129BE1B23CDC500E49488 /* Debug */,
				FEA129BF1B23CDC500E49488 /* Release */,
			);
			defaultConfigurationIsVisible = 0;
			defaultConfigurationName = Release;
		};
		FEA129C01B23CDC500E49488 /* Build configuration list for PBXNativeTarget "SpaceShooterTests" */ = {
			isa = XCConfigurationList;
			buildConfigurations = (
				FEA129C11B23CDC500E49488 /* Debug */,
				FEA129C21B23CDC500E49488 /* Release */,
			);
			defaultConfigurationIsVisible = 0;
			defaultConfigurationName = Release;
		};
/* End XCConfigurationList section */
	};
	rootObject = FEA129921B23CDC500E49488 /* Project object */;
}
